
Microsoft Visual Studio Solution File, Format Version 12.00
# Visual Studio Version 17
VisualStudioVersion = 17.2.32616.157
MinimumVisualStudioVersion = 10.0.40219.1
Project("{FAE04EC0-301F-11D3-BF4B-00C04F79EFBC}") = "SpotifyProject", "SpotifyProject\SpotifyProject.csproj", "{C35E752B-76CB-408B-A12C-4B7F0E1C25E1}"
EndProject
Global
	GlobalSection(SolutionConfigurationPlatforms) = preSolution
		Debug|Any CPU = Debug|Any CPU
		Release|Any CPU = Release|Any CPU
	EndGlobalSection
	GlobalSection(ProjectConfigurationPlatforms) = postSolution
		{C35E752B-76CB-408B-A12C-4B7F0E1C25E1}.Debug|Any CPU.ActiveCfg = Debug|Any CPU
		{C35E752B-76CB-408B-A12C-4B7F0E1C25E1}.Debug|Any CPU.Build.0 = Debug|Any CPU
		{C35E752B-76CB-408B-A12C-4B7F0E1C25E1}.Release|Any CPU.ActiveCfg = Release|Any CPU
		{C35E752B-76CB-408B-A12C-4B7F0E1C25E1}.Release|Any CPU.Build.0 = Release|Any CPU
	EndGlobalSection
	GlobalSection(SolutionProperties) = preSolution
		HideSolutionNode = FALSE
	EndGlobalSection
	GlobalSection(ExtensibilityGlobals) = postSolution
		SolutionGuid = {DAA520BC-AB93-4912-B0C9-8D1F85835993}
	EndGlobalSection
EndGlobal
